// !$*UTF8*$!
{
	archiveVersion = 1;
	classes = {
	};
	objectVersion = 46;
	objects = {

/* Begin PBXBuildFile section */
		A1556D551FBAE47600E73BE8 /* TranslationViewSetup.swift in Sources */ = {isa = PBXBuildFile; fileRef = A1556D541FBAE47600E73BE8 /* TranslationViewSetup.swift */; };
		A19F08371FCCC40F00AC72CD /* BGView.swift in Sources */ = {isa = PBXBuildFile; fileRef = A19F08361FCCC40F00AC72CD /* BGView.swift */; };
		A19F08391FCCC4B900AC72CD /* TranslateView.xib in Resources */ = {isa = PBXBuildFile; fileRef = A19F08381FCCC4B900AC72CD /* TranslateView.xib */; };
		A19F083B1FCCC54E00AC72CD /* TranslateView.swift in Sources */ = {isa = PBXBuildFile; fileRef = A19F083A1FCCC54E00AC72CD /* TranslateView.swift */; };
		A19F083D1FCD538C00AC72CD /* InputTranslateView.xib in Resources */ = {isa = PBXBuildFile; fileRef = A19F083C1FCD538C00AC72CD /* InputTranslateView.xib */; };
		A19F083F1FCD53F600AC72CD /* InputTranslateView.swift in Sources */ = {isa = PBXBuildFile; fileRef = A19F083E1FCD53F600AC72CD /* InputTranslateView.swift */; };
		A19F08471FCD580D00AC72CD /* TranslateTextView.swift in Sources */ = {isa = PBXBuildFile; fileRef = A19F08441FCD580C00AC72CD /* TranslateTextView.swift */; };
		A19F08481FCD580D00AC72CD /* TranslateScrollView.swift in Sources */ = {isa = PBXBuildFile; fileRef = A19F08451FCD580C00AC72CD /* TranslateScrollView.swift */; };
		A19F08491FCD580D00AC72CD /* TranslateClipView.swift in Sources */ = {isa = PBXBuildFile; fileRef = A19F08461FCD580D00AC72CD /* TranslateClipView.swift */; };
		A19F34ED1FBDC1B100B26C70 /* TranslateTextViewDelegate.swift in Sources */ = {isa = PBXBuildFile; fileRef = A19F34EC1FBDC1B100B26C70 /* TranslateTextViewDelegate.swift */; };
		A19F34F51FBDC5AC00B26C70 /* DictionaryClient.swift in Sources */ = {isa = PBXBuildFile; fileRef = A19F34F01FBDC5AC00B26C70 /* DictionaryClient.swift */; };
		A19F34F61FBDC5AC00B26C70 /* Language.swift in Sources */ = {isa = PBXBuildFile; fileRef = A19F34F11FBDC5AC00B26C70 /* Language.swift */; };
		A19F34F71FBDC5AC00B26C70 /* RequestProcessor.swift in Sources */ = {isa = PBXBuildFile; fileRef = A19F34F21FBDC5AC00B26C70 /* RequestProcessor.swift */; };
		A19F34F81FBDC5AC00B26C70 /* YandexEndpoint.swift in Sources */ = {isa = PBXBuildFile; fileRef = A19F34F31FBDC5AC00B26C70 /* YandexEndpoint.swift */; };
		A19F35021FBEF66B00B26C70 /* APIKeys.swift in Sources */ = {isa = PBXBuildFile; fileRef = A19F35011FBEF66B00B26C70 /* APIKeys.swift */; };
		A19F35041FBEF95B00B26C70 /* UIOptions+Extentions.swift in Sources */ = {isa = PBXBuildFile; fileRef = A19F35031FBEF95B00B26C70 /* UIOptions+Extentions.swift */; };
		A19F35061FBEFC4700B26C70 /* LanguagesView.swift in Sources */ = {isa = PBXBuildFile; fileRef = A19F35051FBEFC4700B26C70 /* LanguagesView.swift */; };
		A19F35121FBF995900B26C70 /* LanguagePickerView.xib in Resources */ = {isa = PBXBuildFile; fileRef = A19F35101FBF995900B26C70 /* LanguagePickerView.xib */; };
		A19F35131FBF995900B26C70 /* LanguagePickerView.swift in Sources */ = {isa = PBXBuildFile; fileRef = A19F35111FBF995900B26C70 /* LanguagePickerView.swift */; };
		A19F351A1FC0D31B00B26C70 /* LanguagesCollectionViewSourceSetup.swift in Sources */ = {isa = PBXBuildFile; fileRef = A19F35191FC0D31B00B26C70 /* LanguagesCollectionViewSourceSetup.swift */; };
		A19F351D1FC0D43300B26C70 /* LanguageCollectionViewItem.swift in Sources */ = {isa = PBXBuildFile; fileRef = A19F351B1FC0D43300B26C70 /* LanguageCollectionViewItem.swift */; };
		A19F351E1FC0D43300B26C70 /* LanguageCollectionViewItem.xib in Resources */ = {isa = PBXBuildFile; fileRef = A19F351C1FC0D43300B26C70 /* LanguageCollectionViewItem.xib */; };
		A1BE3C541F2B97C100C9F9CE /* AppDelegate.swift in Sources */ = {isa = PBXBuildFile; fileRef = A1BE3C531F2B97C100C9F9CE /* AppDelegate.swift */; };
		A1BE3C581F2B97C100C9F9CE /* Assets.xcassets in Resources */ = {isa = PBXBuildFile; fileRef = A1BE3C571F2B97C100C9F9CE /* Assets.xcassets */; };
		A1BE3C5B1F2B97C100C9F9CE /* Main.storyboard in Resources */ = {isa = PBXBuildFile; fileRef = A1BE3C591F2B97C100C9F9CE /* Main.storyboard */; };
		A1BE3C641F2BC4E200C9F9CE /* TranslateViewController.swift in Sources */ = {isa = PBXBuildFile; fileRef = A1BE3C621F2BC4E200C9F9CE /* TranslateViewController.swift */; };
		A1BE3C651F2BC4E200C9F9CE /* TranslateViewController.xib in Resources */ = {isa = PBXBuildFile; fileRef = A1BE3C631F2BC4E200C9F9CE /* TranslateViewController.xib */; };
		A1E9C1EE1FC1A4CD00B560ED /* LanguageSearchTextFieldDelegate.swift in Sources */ = {isa = PBXBuildFile; fileRef = A1E9C1ED1FC1A4CD00B560ED /* LanguageSearchTextFieldDelegate.swift */; };
		A1E9C1F71FC1CF5900B560ED /* RecentLanguageCollectionViewItem.swift in Sources */ = {isa = PBXBuildFile; fileRef = A1E9C1F51FC1CF5900B560ED /* RecentLanguageCollectionViewItem.swift */; };
		A1E9C1F81FC1CF5900B560ED /* RecentLanguageCollectionViewItem.xib in Resources */ = {isa = PBXBuildFile; fileRef = A1E9C1F61FC1CF5900B560ED /* RecentLanguageCollectionViewItem.xib */; };
		A1E9C1FA1FC1E47C00B560ED /* LanguageCollectionViewDelegate.swift in Sources */ = {isa = PBXBuildFile; fileRef = A1E9C1F91FC1E47C00B560ED /* LanguageCollectionViewDelegate.swift */; };
		A1E9C1FC1FC1F70600B560ED /* LanguageButton.swift in Sources */ = {isa = PBXBuildFile; fileRef = A1E9C1FB1FC1F70600B560ED /* LanguageButton.swift */; };
		A1E9C1FE1FC1FE2C00B560ED /* ArrayExtention.swift in Sources */ = {isa = PBXBuildFile; fileRef = A1E9C1FD1FC1FE2C00B560ED /* ArrayExtention.swift */; };
		A1E9C2001FC200F000B560ED /* LanguagesModel.swift in Sources */ = {isa = PBXBuildFile; fileRef = A1E9C1FF1FC200F000B560ED /* LanguagesModel.swift */; };
		A1E9C2021FC2069F00B560ED /* PronounceButton.swift in Sources */ = {isa = PBXBuildFile; fileRef = A1E9C2011FC2069F00B560ED /* PronounceButton.swift */; };
		A1E9C2041FC22AC800B560ED /* TranslateViewContollerActions.swift in Sources */ = {isa = PBXBuildFile; fileRef = A1E9C2031FC22AC800B560ED /* TranslateViewContollerActions.swift */; };
/* End PBXBuildFile section */

/* Begin PBXFileReference section */
		A1556D541FBAE47600E73BE8 /* TranslationViewSetup.swift */ = {isa = PBXFileReference; lastKnownFileType = sourcecode.swift; path = TranslationViewSetup.swift; sourceTree = "<group>"; };
		A19F08361FCCC40F00AC72CD /* BGView.swift */ = {isa = PBXFileReference; lastKnownFileType = sourcecode.swift; path = BGView.swift; sourceTree = "<group>"; };
		A19F08381FCCC4B900AC72CD /* TranslateView.xib */ = {isa = PBXFileReference; lastKnownFileType = file.xib; path = TranslateView.xib; sourceTree = "<group>"; };
		A19F083A1FCCC54E00AC72CD /* TranslateView.swift */ = {isa = PBXFileReference; lastKnownFileType = sourcecode.swift; path = TranslateView.swift; sourceTree = "<group>"; };
		A19F083C1FCD538C00AC72CD /* InputTranslateView.xib */ = {isa = PBXFileReference; lastKnownFileType = file.xib; path = InputTranslateView.xib; sourceTree = "<group>"; };
		A19F083E1FCD53F600AC72CD /* InputTranslateView.swift */ = {isa = PBXFileReference; lastKnownFileType = sourcecode.swift; path = InputTranslateView.swift; sourceTree = "<group>"; };
		A19F08441FCD580C00AC72CD /* TranslateTextView.swift */ = {isa = PBXFileReference; fileEncoding = 4; lastKnownFileType = sourcecode.swift; path = TranslateTextView.swift; sourceTree = "<group>"; };
		A19F08451FCD580C00AC72CD /* TranslateScrollView.swift */ = {isa = PBXFileReference; fileEncoding = 4; lastKnownFileType = sourcecode.swift; path = TranslateScrollView.swift; sourceTree = "<group>"; };
		A19F08461FCD580D00AC72CD /* TranslateClipView.swift */ = {isa = PBXFileReference; fileEncoding = 4; lastKnownFileType = sourcecode.swift; path = TranslateClipView.swift; sourceTree = "<group>"; };
		A19F34EC1FBDC1B100B26C70 /* TranslateTextViewDelegate.swift */ = {isa = PBXFileReference; lastKnownFileType = sourcecode.swift; path = TranslateTextViewDelegate.swift; sourceTree = "<group>"; };
		A19F34F01FBDC5AC00B26C70 /* DictionaryClient.swift */ = {isa = PBXFileReference; lastKnownFileType = sourcecode.swift; path = DictionaryClient.swift; sourceTree = "<group>"; };
		A19F34F11FBDC5AC00B26C70 /* Language.swift */ = {isa = PBXFileReference; lastKnownFileType = sourcecode.swift; path = Language.swift; sourceTree = "<group>"; };
		A19F34F21FBDC5AC00B26C70 /* RequestProcessor.swift */ = {isa = PBXFileReference; lastKnownFileType = sourcecode.swift; path = RequestProcessor.swift; sourceTree = "<group>"; };
		A19F34F31FBDC5AC00B26C70 /* YandexEndpoint.swift */ = {isa = PBXFileReference; lastKnownFileType = sourcecode.swift; path = YandexEndpoint.swift; sourceTree = "<group>"; };
		A19F35011FBEF66B00B26C70 /* APIKeys.swift */ = {isa = PBXFileReference; lastKnownFileType = sourcecode.swift; path = APIKeys.swift; sourceTree = "<group>"; };
		A19F35031FBEF95B00B26C70 /* UIOptions+Extentions.swift */ = {isa = PBXFileReference; lastKnownFileType = sourcecode.swift; path = "UIOptions+Extentions.swift"; sourceTree = "<group>"; };
		A19F35051FBEFC4700B26C70 /* LanguagesView.swift */ = {isa = PBXFileReference; lastKnownFileType = sourcecode.swift; path = LanguagesView.swift; sourceTree = "<group>"; };
		A19F35101FBF995900B26C70 /* LanguagePickerView.xib */ = {isa = PBXFileReference; fileEncoding = 4; lastKnownFileType = file.xib; path = LanguagePickerView.xib; sourceTree = "<group>"; };
		A19F35111FBF995900B26C70 /* LanguagePickerView.swift */ = {isa = PBXFileReference; fileEncoding = 4; lastKnownFileType = sourcecode.swift; path = LanguagePickerView.swift; sourceTree = "<group>"; };
		A19F35191FC0D31B00B26C70 /* LanguagesCollectionViewSourceSetup.swift */ = {isa = PBXFileReference; lastKnownFileType = sourcecode.swift; path = LanguagesCollectionViewSourceSetup.swift; sourceTree = "<group>"; };
		A19F351B1FC0D43300B26C70 /* LanguageCollectionViewItem.swift */ = {isa = PBXFileReference; lastKnownFileType = sourcecode.swift; path = LanguageCollectionViewItem.swift; sourceTree = "<group>"; };
		A19F351C1FC0D43300B26C70 /* LanguageCollectionViewItem.xib */ = {isa = PBXFileReference; lastKnownFileType = file.xib; path = LanguageCollectionViewItem.xib; sourceTree = "<group>"; };
		A1BE3C501F2B97C100C9F9CE /* MenuBarTranslator.app */ = {isa = PBXFileReference; explicitFileType = wrapper.application; includeInIndex = 0; path = MenuBarTranslator.app; sourceTree = BUILT_PRODUCTS_DIR; };
		A1BE3C531F2B97C100C9F9CE /* AppDelegate.swift */ = {isa = PBXFileReference; lastKnownFileType = sourcecode.swift; path = AppDelegate.swift; sourceTree = "<group>"; };
		A1BE3C571F2B97C100C9F9CE /* Assets.xcassets */ = {isa = PBXFileReference; lastKnownFileType = folder.assetcatalog; path = Assets.xcassets; sourceTree = "<group>"; };
		A1BE3C5A1F2B97C100C9F9CE /* Base */ = {isa = PBXFileReference; lastKnownFileType = file.storyboard; name = Base; path = Base.lproj/Main.storyboard; sourceTree = "<group>"; };
		A1BE3C5C1F2B97C100C9F9CE /* Info.plist */ = {isa = PBXFileReference; lastKnownFileType = text.plist.xml; path = Info.plist; sourceTree = "<group>"; };
		A1BE3C621F2BC4E200C9F9CE /* TranslateViewController.swift */ = {isa = PBXFileReference; fileEncoding = 4; lastKnownFileType = sourcecode.swift; path = TranslateViewController.swift; sourceTree = "<group>"; };
		A1BE3C631F2BC4E200C9F9CE /* TranslateViewController.xib */ = {isa = PBXFileReference; fileEncoding = 4; lastKnownFileType = file.xib; path = TranslateViewController.xib; sourceTree = "<group>"; };
		A1E9C1ED1FC1A4CD00B560ED /* LanguageSearchTextFieldDelegate.swift */ = {isa = PBXFileReference; lastKnownFileType = sourcecode.swift; path = LanguageSearchTextFieldDelegate.swift; sourceTree = "<group>"; };
		A1E9C1F51FC1CF5900B560ED /* RecentLanguageCollectionViewItem.swift */ = {isa = PBXFileReference; lastKnownFileType = sourcecode.swift; path = RecentLanguageCollectionViewItem.swift; sourceTree = "<group>"; };
		A1E9C1F61FC1CF5900B560ED /* RecentLanguageCollectionViewItem.xib */ = {isa = PBXFileReference; lastKnownFileType = file.xib; path = RecentLanguageCollectionViewItem.xib; sourceTree = "<group>"; };
		A1E9C1F91FC1E47C00B560ED /* LanguageCollectionViewDelegate.swift */ = {isa = PBXFileReference; lastKnownFileType = sourcecode.swift; path = LanguageCollectionViewDelegate.swift; sourceTree = "<group>"; };
		A1E9C1FB1FC1F70600B560ED /* LanguageButton.swift */ = {isa = PBXFileReference; lastKnownFileType = sourcecode.swift; path = LanguageButton.swift; sourceTree = "<group>"; };
		A1E9C1FD1FC1FE2C00B560ED /* ArrayExtention.swift */ = {isa = PBXFileReference; lastKnownFileType = sourcecode.swift; path = ArrayExtention.swift; sourceTree = "<group>"; };
		A1E9C1FF1FC200F000B560ED /* LanguagesModel.swift */ = {isa = PBXFileReference; lastKnownFileType = sourcecode.swift; path = LanguagesModel.swift; sourceTree = "<group>"; };
		A1E9C2011FC2069F00B560ED /* PronounceButton.swift */ = {isa = PBXFileReference; lastKnownFileType = sourcecode.swift; path = PronounceButton.swift; sourceTree = "<group>"; };
		A1E9C2031FC22AC800B560ED /* TranslateViewContollerActions.swift */ = {isa = PBXFileReference; lastKnownFileType = sourcecode.swift; path = TranslateViewContollerActions.swift; sourceTree = "<group>"; };
/* End PBXFileReference section */

/* Begin PBXFrameworksBuildPhase section */
		A1BE3C4D1F2B97C100C9F9CE /* Frameworks */ = {
			isa = PBXFrameworksBuildPhase;
			buildActionMask = 2147483647;
			files = (
			);
			runOnlyForDeploymentPostprocessing = 0;
		};
/* End PBXFrameworksBuildPhase section */

/* Begin PBXGroup section */
		A19F08401FCD55C000AC72CD /* IOTranslateView */ = {
			isa = PBXGroup;
			children = (
				A19F08381FCCC4B900AC72CD /* TranslateView.xib */,
				A19F083A1FCCC54E00AC72CD /* TranslateView.swift */,
				A19F083C1FCD538C00AC72CD /* InputTranslateView.xib */,
				A19F083E1FCD53F600AC72CD /* InputTranslateView.swift */,
			);
			path = IOTranslateView;
			sourceTree = "<group>";
		};
		A19F08431FCD575A00AC72CD /* TextView */ = {
			isa = PBXGroup;
			children = (
				A19F08461FCD580D00AC72CD /* TranslateClipView.swift */,
				A19F08451FCD580C00AC72CD /* TranslateScrollView.swift */,
				A19F08441FCD580C00AC72CD /* TranslateTextView.swift */,
			);
			path = TextView;
			sourceTree = "<group>";
		};
		A19F34EB1FBDC0D800B26C70 /* TranslateView */ = {
			isa = PBXGroup;
			children = (
				A1E9C1FB1FC1F70600B560ED /* LanguageButton.swift */,
				A1E9C2011FC2069F00B560ED /* PronounceButton.swift */,
				A19F08361FCCC40F00AC72CD /* BGView.swift */,
				A19F08431FCD575A00AC72CD /* TextView */,
				A19F08401FCD55C000AC72CD /* IOTranslateView */,
			);
			path = TranslateView;
			sourceTree = "<group>";
		};
		A19F34FB1FBDC5D400B26C70 /* Model */ = {
			isa = PBXGroup;
			children = (
				A19F34F01FBDC5AC00B26C70 /* DictionaryClient.swift */,
				A19F34F11FBDC5AC00B26C70 /* Language.swift */,
				A1E9C1FF1FC200F000B560ED /* LanguagesModel.swift */,
				A19F34F21FBDC5AC00B26C70 /* RequestProcessor.swift */,
				A19F34F31FBDC5AC00B26C70 /* YandexEndpoint.swift */,
				A19F35011FBEF66B00B26C70 /* APIKeys.swift */,
				A1E9C1FD1FC1FE2C00B560ED /* ArrayExtention.swift */,
			);
			path = Model;
			sourceTree = "<group>";
		};
		A19F350B1FBF568000B26C70 /* LanguagesView */ = {
			isa = PBXGroup;
			children = (
				A19F35111FBF995900B26C70 /* LanguagePickerView.swift */,
				A19F35101FBF995900B26C70 /* LanguagePickerView.xib */,
				A19F35051FBEFC4700B26C70 /* LanguagesView.swift */,
				A19F351B1FC0D43300B26C70 /* LanguageCollectionViewItem.swift */,
				A19F351C1FC0D43300B26C70 /* LanguageCollectionViewItem.xib */,
				A1E9C1F51FC1CF5900B560ED /* RecentLanguageCollectionViewItem.swift */,
				A1E9C1F61FC1CF5900B560ED /* RecentLanguageCollectionViewItem.xib */,
			);
			path = LanguagesView;
			sourceTree = "<group>";
		};
		A19F35181FC0D2ED00B26C70 /* LanguagesCollectionViews */ = {
			isa = PBXGroup;
			children = (
				A19F35191FC0D31B00B26C70 /* LanguagesCollectionViewSourceSetup.swift */,
				A1E9C1F91FC1E47C00B560ED /* LanguageCollectionViewDelegate.swift */,
				A1E9C1ED1FC1A4CD00B560ED /* LanguageSearchTextFieldDelegate.swift */,
			);
			path = LanguagesCollectionViews;
			sourceTree = "<group>";
		};
		A1BE3C471F2B97C100C9F9CE = {
			isa = PBXGroup;
			children = (
				A1BE3C521F2B97C100C9F9CE /* MenuBarTranslator */,
				A1BE3C511F2B97C100C9F9CE /* Products */,
			);
			sourceTree = "<group>";
		};
		A1BE3C511F2B97C100C9F9CE /* Products */ = {
			isa = PBXGroup;
			children = (
				A1BE3C501F2B97C100C9F9CE /* MenuBarTranslator.app */,
			);
			name = Products;
			sourceTree = "<group>";
		};
		A1BE3C521F2B97C100C9F9CE /* MenuBarTranslator */ = {
			isa = PBXGroup;
			children = (
				A19F34FB1FBDC5D400B26C70 /* Model */,
				A1EC74EE1FAFBD6B00957BA2 /* Controller */,
				A1EC74F11FAFBD9F00957BA2 /* Views */,
				A1BE3C571F2B97C100C9F9CE /* Assets.xcassets */,
				A1BE3C531F2B97C100C9F9CE /* AppDelegate.swift */,
				A1BE3C5C1F2B97C100C9F9CE /* Info.plist */,
			);
			path = MenuBarTranslator;
			sourceTree = "<group>";
		};
		A1EC74EE1FAFBD6B00957BA2 /* Controller */ = {
			isa = PBXGroup;
			children = (
				A1556D541FBAE47600E73BE8 /* TranslationViewSetup.swift */,
				A1BE3C621F2BC4E200C9F9CE /* TranslateViewController.swift */,
				A19F34EC1FBDC1B100B26C70 /* TranslateTextViewDelegate.swift */,
				A1E9C2031FC22AC800B560ED /* TranslateViewContollerActions.swift */,
				A19F35181FC0D2ED00B26C70 /* LanguagesCollectionViews */,
			);
			path = Controller;
			sourceTree = "<group>";
		};
		A1EC74F11FAFBD9F00957BA2 /* Views */ = {
			isa = PBXGroup;
			children = (
				A19F35031FBEF95B00B26C70 /* UIOptions+Extentions.swift */,
				A1BE3C631F2BC4E200C9F9CE /* TranslateViewController.xib */,
				A1BE3C591F2B97C100C9F9CE /* Main.storyboard */,
				A19F34EB1FBDC0D800B26C70 /* TranslateView */,
				A19F350B1FBF568000B26C70 /* LanguagesView */,
			);
			path = Views;
			sourceTree = "<group>";
		};
/* End PBXGroup section */

/* Begin PBXNativeTarget section */
		A1BE3C4F1F2B97C100C9F9CE /* MenuBarTranslator */ = {
			isa = PBXNativeTarget;
			buildConfigurationList = A1BE3C5F1F2B97C100C9F9CE /* Build configuration list for PBXNativeTarget "MenuBarTranslator" */;
			buildPhases = (
				A1BE3C4C1F2B97C100C9F9CE /* Sources */,
				A1BE3C4D1F2B97C100C9F9CE /* Frameworks */,
				A1BE3C4E1F2B97C100C9F9CE /* Resources */,
			);
			buildRules = (
			);
			dependencies = (
			);
			name = MenuBarTranslator;
			productName = MenuBarTranslator;
			productReference = A1BE3C501F2B97C100C9F9CE /* MenuBarTranslator.app */;
			productType = "com.apple.product-type.application";
		};
/* End PBXNativeTarget section */

/* Begin PBXProject section */
		A1BE3C481F2B97C100C9F9CE /* Project object */ = {
			isa = PBXProject;
			attributes = {
				LastSwiftUpdateCheck = 0830;
				LastUpgradeCheck = 0910;
				ORGANIZATIONNAME = "Artem Bobrov";
				TargetAttributes = {
					A1BE3C4F1F2B97C100C9F9CE = {
						CreatedOnToolsVersion = 8.3.3;
						DevelopmentTeam = EX9Z9UFRL5;
						LastSwiftMigration = 0910;
						ProvisioningStyle = Automatic;
					};
				};
			};
			buildConfigurationList = A1BE3C4B1F2B97C100C9F9CE /* Build configuration list for PBXProject "MenuBarTranslator" */;
			compatibilityVersion = "Xcode 3.2";
			developmentRegion = English;
			hasScannedForEncodings = 0;
			knownRegions = (
				en,
				Base,
			);
			mainGroup = A1BE3C471F2B97C100C9F9CE;
			productRefGroup = A1BE3C511F2B97C100C9F9CE /* Products */;
			projectDirPath = "";
			projectRoot = "";
			targets = (
				A1BE3C4F1F2B97C100C9F9CE /* MenuBarTranslator */,
			);
		};
/* End PBXProject section */

/* Begin PBXResourcesBuildPhase section */
		A1BE3C4E1F2B97C100C9F9CE /* Resources */ = {
			isa = PBXResourcesBuildPhase;
			buildActionMask = 2147483647;
			files = (
				A19F083D1FCD538C00AC72CD /* InputTranslateView.xib in Resources */,
				A19F08391FCCC4B900AC72CD /* TranslateView.xib in Resources */,
				A19F35121FBF995900B26C70 /* LanguagePickerView.xib in Resources */,
				A1BE3C581F2B97C100C9F9CE /* Assets.xcassets in Resources */,
				A1BE3C5B1F2B97C100C9F9CE /* Main.storyboard in Resources */,
				A19F351E1FC0D43300B26C70 /* LanguageCollectionViewItem.xib in Resources */,
				A1E9C1F81FC1CF5900B560ED /* RecentLanguageCollectionViewItem.xib in Resources */,
				A1BE3C651F2BC4E200C9F9CE /* TranslateViewController.xib in Resources */,
			);
			runOnlyForDeploymentPostprocessing = 0;
		};
/* End PBXResourcesBuildPhase section */

/* Begin PBXSourcesBuildPhase section */
		A1BE3C4C1F2B97C100C9F9CE /* Sources */ = {
			isa = PBXSourcesBuildPhase;
			buildActionMask = 2147483647;
			files = (
				A19F35061FBEFC4700B26C70 /* LanguagesView.swift in Sources */,
				A19F083B1FCCC54E00AC72CD /* TranslateView.swift in Sources */,
				A19F08471FCD580D00AC72CD /* TranslateTextView.swift in Sources */,
				A1E9C1FA1FC1E47C00B560ED /* LanguageCollectionViewDelegate.swift in Sources */,
				A1E9C1F71FC1CF5900B560ED /* RecentLanguageCollectionViewItem.swift in Sources */,
				A1E9C1EE1FC1A4CD00B560ED /* LanguageSearchTextFieldDelegate.swift in Sources */,
				A19F08371FCCC40F00AC72CD /* BGView.swift in Sources */,
				A19F08491FCD580D00AC72CD /* TranslateClipView.swift in Sources */,
				A19F083F1FCD53F600AC72CD /* InputTranslateView.swift in Sources */,
				A19F34ED1FBDC1B100B26C70 /* TranslateTextViewDelegate.swift in Sources */,
				A19F35021FBEF66B00B26C70 /* APIKeys.swift in Sources */,
				A19F35131FBF995900B26C70 /* LanguagePickerView.swift in Sources */,
				A1556D551FBAE47600E73BE8 /* TranslationViewSetup.swift in Sources */,
				A19F08481FCD580D00AC72CD /* TranslateScrollView.swift in Sources */,
				A1E9C2021FC2069F00B560ED /* PronounceButton.swift in Sources */,
				A19F35041FBEF95B00B26C70 /* UIOptions+Extentions.swift in Sources */,
				A19F34F61FBDC5AC00B26C70 /* Language.swift in Sources */,
				A1BE3C541F2B97C100C9F9CE /* AppDelegate.swift in Sources */,
				A1BE3C641F2BC4E200C9F9CE /* TranslateViewController.swift in Sources */,
				A19F34F71FBDC5AC00B26C70 /* RequestProcessor.swift in Sources */,
				A19F351A1FC0D31B00B26C70 /* LanguagesCollectionViewSourceSetup.swift in Sources */,
				A1E9C2001FC200F000B560ED /* LanguagesModel.swift in Sources */,
				A19F34F81FBDC5AC00B26C70 /* YandexEndpoint.swift in Sources */,
				A1E9C1FE1FC1FE2C00B560ED /* ArrayExtention.swift in Sources */,
				A1E9C1FC1FC1F70600B560ED /* LanguageButton.swift in Sources */,
				A1E9C2041FC22AC800B560ED /* TranslateViewContollerActions.swift in Sources */,
				A19F34F51FBDC5AC00B26C70 /* DictionaryClient.swift in Sources */,
				A19F351D1FC0D43300B26C70 /* LanguageCollectionViewItem.swift in Sources */,
			);
			runOnlyForDeploymentPostprocessing = 0;
		};
/* End PBXSourcesBuildPhase section */

/* Begin PBXVariantGroup section */
		A1BE3C591F2B97C100C9F9CE /* Main.storyboard */ = {
			isa = PBXVariantGroup;
			children = (
				A1BE3C5A1F2B97C100C9F9CE /* Base */,
			);
			name = Main.storyboard;
			sourceTree = "<group>";
		};
/* End PBXVariantGroup section */

/* Begin XCBuildConfiguration section */
		A1BE3C5D1F2B97C100C9F9CE /* Debug */ = {
			isa = XCBuildConfiguration;
			buildSettings = {
				ALWAYS_SEARCH_USER_PATHS = NO;
				ASSETCATALOG_COMPILER_APPICON_NAME = AppIcon;
				CLANG_ANALYZER_NONNULL = YES;
				CLANG_ANALYZER_NUMBER_OBJECT_CONVERSION = YES_AGGRESSIVE;
				CLANG_CXX_LANGUAGE_STANDARD = "gnu++0x";
				CLANG_CXX_LIBRARY = "libc++";
				CLANG_ENABLE_MODULES = YES;
				CLANG_ENABLE_OBJC_ARC = NO;
				CLANG_WARN_BLOCK_CAPTURE_AUTORELEASING = YES;
				CLANG_WARN_BOOL_CONVERSION = YES;
				CLANG_WARN_COMMA = YES;
				CLANG_WARN_CONSTANT_CONVERSION = YES;
				CLANG_WARN_DIRECT_OBJC_ISA_USAGE = YES_ERROR;
				CLANG_WARN_DOCUMENTATION_COMMENTS = YES;
				CLANG_WARN_EMPTY_BODY = YES;
				CLANG_WARN_ENUM_CONVERSION = YES;
				CLANG_WARN_INFINITE_RECURSION = YES;
				CLANG_WARN_INT_CONVERSION = YES;
				CLANG_WARN_NON_LITERAL_NULL_CONVERSION = YES;
				CLANG_WARN_OBJC_LITERAL_CONVERSION = YES;
				CLANG_WARN_OBJC_ROOT_CLASS = YES_ERROR;
				CLANG_WARN_RANGE_LOOP_ANALYSIS = YES;
				CLANG_WARN_STRICT_PROTOTYPES = YES;
				CLANG_WARN_SUSPICIOUS_MOVE = YES;
				CLANG_WARN_UNREACHABLE_CODE = YES;
				CLANG_WARN__DUPLICATE_METHOD_MATCH = YES;
				CODE_SIGN_IDENTITY = "-";
				COPY_PHASE_STRIP = NO;
				DEBUG_INFORMATION_FORMAT = dwarf;
				ENABLE_STRICT_OBJC_MSGSEND = YES;
				ENABLE_TESTABILITY = YES;
				GCC_C_LANGUAGE_STANDARD = gnu99;
				GCC_DYNAMIC_NO_PIC = NO;
				GCC_NO_COMMON_BLOCKS = YES;
				GCC_OPTIMIZATION_LEVEL = 0;
				GCC_PREPROCESSOR_DEFINITIONS = (
					"DEBUG=1",
					"$(inherited)",
				);
				GCC_WARN_64_TO_32_BIT_CONVERSION = YES;
				GCC_WARN_ABOUT_RETURN_TYPE = YES_ERROR;
				GCC_WARN_UNDECLARED_SELECTOR = YES;
				GCC_WARN_UNINITIALIZED_AUTOS = YES_AGGRESSIVE;
				GCC_WARN_UNUSED_FUNCTION = YES;
				GCC_WARN_UNUSED_VARIABLE = YES;
				MACOSX_DEPLOYMENT_TARGET = 10.12;
				MTL_ENABLE_DEBUG_INFO = YES;
				ONLY_ACTIVE_ARCH = YES;
				SDKROOT = macosx;
				SWIFT_ACTIVE_COMPILATION_CONDITIONS = DEBUG;
				SWIFT_OPTIMIZATION_LEVEL = "-Onone";
			};
			name = Debug;
		};
		A1BE3C5E1F2B97C100C9F9CE /* Release */ = {
			isa = XCBuildConfiguration;
			buildSettings = {
				ALWAYS_SEARCH_USER_PATHS = NO;
				ASSETCATALOG_COMPILER_APPICON_NAME = AppIcon;
				CLANG_ANALYZER_NONNULL = YES;
				CLANG_ANALYZER_NUMBER_OBJECT_CONVERSION = YES_AGGRESSIVE;
				CLANG_CXX_LANGUAGE_STANDARD = "gnu++0x";
				CLANG_CXX_LIBRARY = "libc++";
				CLANG_ENABLE_MODULES = YES;
				CLANG_ENABLE_OBJC_ARC = NO;
				CLANG_WARN_BLOCK_CAPTURE_AUTORELEASING = YES;
				CLANG_WARN_BOOL_CONVERSION = YES;
				CLANG_WARN_COMMA = YES;
				CLANG_WARN_CONSTANT_CONVERSION = YES;
				CLANG_WARN_DIRECT_OBJC_ISA_USAGE = YES_ERROR;
				CLANG_WARN_DOCUMENTATION_COMMENTS = YES;
				CLANG_WARN_EMPTY_BODY = YES;
				CLANG_WARN_ENUM_CONVERSION = YES;
				CLANG_WARN_INFINITE_RECURSION = YES;
				CLANG_WARN_INT_CONVERSION = YES;
				CLANG_WARN_NON_LITERAL_NULL_CONVERSION = YES;
				CLANG_WARN_OBJC_LITERAL_CONVERSION = YES;
				CLANG_WARN_OBJC_ROOT_CLASS = YES_ERROR;
				CLANG_WARN_RANGE_LOOP_ANALYSIS = YES;
				CLANG_WARN_STRICT_PROTOTYPES = YES;
				CLANG_WARN_SUSPICIOUS_MOVE = YES;
				CLANG_WARN_UNREACHABLE_CODE = YES;
				CLANG_WARN__DUPLICATE_METHOD_MATCH = YES;
				CODE_SIGN_IDENTITY = "-";
				COPY_PHASE_STRIP = NO;
				DEBUG_INFORMATION_FORMAT = "dwarf-with-dsym";
				ENABLE_NS_ASSERTIONS = NO;
				ENABLE_STRICT_OBJC_MSGSEND = YES;
				GCC_C_LANGUAGE_STANDARD = gnu99;
				GCC_NO_COMMON_BLOCKS = YES;
				GCC_WARN_64_TO_32_BIT_CONVERSION = YES;
				GCC_WARN_ABOUT_RETURN_TYPE = YES_ERROR;
				GCC_WARN_UNDECLARED_SELECTOR = YES;
				GCC_WARN_UNINITIALIZED_AUTOS = YES_AGGRESSIVE;
				GCC_WARN_UNUSED_FUNCTION = YES;
				GCC_WARN_UNUSED_VARIABLE = YES;
				MACOSX_DEPLOYMENT_TARGET = 10.12;
				MTL_ENABLE_DEBUG_INFO = NO;
				SDKROOT = macosx;
				SWIFT_OPTIMIZATION_LEVEL = "-Owholemodule";
			};
			name = Release;
		};
		A1BE3C601F2B97C100C9F9CE /* Debug */ = {
			isa = XCBuildConfiguration;
			buildSettings = {
				CODE_SIGN_IDENTITY = "Mac Developer";
				COMBINE_HIDPI_IMAGES = YES;
				DEVELOPMENT_TEAM = "";
				INFOPLIST_FILE = MenuBarTranslator/Info.plist;
				LD_RUNPATH_SEARCH_PATHS = "$(inherited) @executable_path/../Frameworks";
				PRODUCT_BUNDLE_IDENTIFIER = "personal-work.MenuBarTranslator";
				PRODUCT_NAME = "$(TARGET_NAME)";
				PROVISIONING_PROFILE_SPECIFIER = "";
				SWIFT_SWIFT3_OBJC_INFERENCE = Default;
				SWIFT_VERSION = 4.0;
			};
			name = Debug;
		};
		A1BE3C611F2B97C100C9F9CE /* Release */ = {
			isa = XCBuildConfiguration;
			buildSettings = {
				CODE_SIGN_IDENTITY = "Mac Developer";
				COMBINE_HIDPI_IMAGES = YES;
				DEVELOPMENT_TEAM = "";
				INFOPLIST_FILE = MenuBarTranslator/Info.plist;
				LD_RUNPATH_SEARCH_PATHS = "$(inherited) @executable_path/../Frameworks";
				PRODUCT_BUNDLE_IDENTIFIER = "personal-work.MenuBarTranslator";
				PRODUCT_NAME = "$(TARGET_NAME)";
				PROVISIONING_PROFILE_SPECIFIER = "";
				SWIFT_SWIFT3_OBJC_INFERENCE = Default;
				SWIFT_VERSION = 4.0;
			};
			name = Release;
		};
/* End XCBuildConfiguration section */

/* Begin XCConfigurationList section */
		A1BE3C4B1F2B97C100C9F9CE /* Build configuration list for PBXProject "MenuBarTranslator" */ = {
			isa = XCConfigurationList;
			buildConfigurations = (
				A1BE3C5D1F2B97C100C9F9CE /* Debug */,
				A1BE3C5E1F2B97C100C9F9CE /* Release */,
			);
			defaultConfigurationIsVisible = 0;
			defaultConfigurationName = Release;
		};
		A1BE3C5F1F2B97C100C9F9CE /* Build configuration list for PBXNativeTarget "MenuBarTranslator" */ = {
			isa = XCConfigurationList;
			buildConfigurations = (
				A1BE3C601F2B97C100C9F9CE /* Debug */,
				A1BE3C611F2B97C100C9F9CE /* Release */,
			);
			defaultConfigurationIsVisible = 0;
			defaultConfigurationName = Release;
		};
/* End XCConfigurationList section */
	};
	rootObject = A1BE3C481F2B97C100C9F9CE /* Project object */;
}
